
Microsoft Visual Studio Solution File, Format Version 12.00
# Visual Studio Version 17
VisualStudioVersion = 17.3.32825.248
MinimumVisualStudioVersion = 10.0.40219.1
Project("{9A19103F-16F7-4668-BE54-9A1E7A4F7556}") = "MoreMechanoids", "RimWorld_Mechanoids\MoreMechanoids.csproj", "{A36BEEB2-7379-475B-B537-827E34571962}"
EndProject
Project("{9A19103F-16F7-4668-BE54-9A1E7A4F7556}") = "MoreMechanoidsDoorsExpanded", "DoorsExpanded\MoreMechanoidsDoorsExpanded.csproj", "{3621C657-B760-4A34-8B62-3513E3BCEE7D}"
EndProject
Global
	GlobalSection(SolutionConfigurationPlatforms) = preSolution
		Debug|Any CPU = Debug|Any CPU
		Release|Any CPU = Release|Any CPU
	EndGlobalSection
	GlobalSection(ProjectConfigurationPlatforms) = postSolution
		{A36BEEB2-7379-475B-B537-827E34571962}.Debug|Any CPU.ActiveCfg = Debug|Any CPU
		{A36BEEB2-7379-475B-B537-827E34571962}.Debug|Any CPU.Build.0 = Debug|Any CPU
		{A36BEEB2-7379-475B-B537-827E34571962}.Release|Any CPU.ActiveCfg = Release|Any CPU
		{A36BEEB2-7379-475B-B537-827E34571962}.Release|Any CPU.Build.0 = Release|Any CPU
		{3621C657-B760-4A34-8B62-3513E3BCEE7D}.Debug|Any CPU.ActiveCfg = Debug|Any CPU
		{3621C657-B760-4A34-8B62-3513E3BCEE7D}.Debug|Any CPU.Build.0 = Debug|Any CPU
		{3621C657-B760-4A34-8B62-3513E3BCEE7D}.Release|Any CPU.ActiveCfg = Release|Any CPU
		{3621C657-B760-4A34-8B62-3513E3BCEE7D}.Release|Any CPU.Build.0 = Release|Any CPU
	EndGlobalSection
	GlobalSection(SolutionProperties) = preSolution
		HideSolutionNode = FALSE
	EndGlobalSection
	GlobalSection(ExtensibilityGlobals) = postSolution
		SolutionGuid = {CEC9F32C-0CCE-4FC2-98C3-CB5A456F66E7}
	EndGlobalSection
EndGlobal
